
Microsoft Visual Studio Solution File, Format Version 12.00
# Visual Studio 14
VisualStudioVersion = 14.0.25420.1
MinimumVisualStudioVersion = 10.0.40219.1
Project("{FAE04EC0-301F-11D3-BF4B-00C04F79EFBC}") = "DemoAPI", "DemoAPI\DemoAPI.csproj", "{3F698087-B5A7-4030-A99F-286F5EA57D3B}"
EndProject
Project("{2150E333-8FDC-42A3-9474-1A3956D46DE8}") = "SqlScripts", "SqlScripts", "{5F4F5682-1487-4DC5-A9AD-9B4A3DA28FBA}"
	ProjectSection(SolutionItems) = preProject
		CreatePeopleTable.sql = CreatePeopleTable.sql
	EndProjectSection
EndProject
Global
	GlobalSection(SolutionConfigurationPlatforms) = preSolution
		Debug|Any CPU = Debug|Any CPU
		Release|Any CPU = Release|Any CPU
	EndGlobalSection
	GlobalSection(ProjectConfigurationPlatforms) = postSolution
		{3F698087-B5A7-4030-A99F-286F5EA57D3B}.Debug|Any CPU.ActiveCfg = Debug|Any CPU
		{3F698087-B5A7-4030-A99F-286F5EA57D3B}.Debug|Any CPU.Build.0 = Debug|Any CPU
		{3F698087-B5A7-4030-A99F-286F5EA57D3B}.Release|Any CPU.ActiveCfg = Release|Any CPU
		{3F698087-B5A7-4030-A99F-286F5EA57D3B}.Release|Any CPU.Build.0 = Release|Any CPU
	EndGlobalSection
	GlobalSection(SolutionProperties) = preSolution
		HideSolutionNode = FALSE
	EndGlobalSection
EndGlobal
